
Microsoft Visual Studio Solution File, Format Version 12.00
# Visual Studio Version 16
VisualStudioVersion = 16.0.31624.102
MinimumVisualStudioVersion = 10.0.40219.1
Project("{9A19103F-16F7-4668-BE54-9A1E7A4F7556}") = "CTKS_Chart", "CTKS_Chart\CTKS_Chart.csproj", "{13E9BF54-25A3-4E75-97AA-28FF9E2A1F74}"
EndProject
Project("{9A19103F-16F7-4668-BE54-9A1E7A4F7556}") = "VCore.Standard", "..\..\CustomLibraries\VCore.Standard\VCore.Standard.csproj", "{FE0521C5-7C97-4933-A3D9-CD76E8CCC606}"
EndProject
Project("{9A19103F-16F7-4668-BE54-9A1E7A4F7556}") = "VCore.WPF", "..\..\CustomLibraries\VCore\VCore.WPF.csproj", "{DFF011C1-6B03-4F15-8785-B110C6BF4291}"
EndProject
Project("{9A19103F-16F7-4668-BE54-9A1E7A4F7556}") = "Logger", "..\..\CustomLibraries\Logger\Logger.csproj", "{42DAE95A-4A7C-43DD-8E9A-7F20C5B27F25}"
EndProject
Project("{9A19103F-16F7-4668-BE54-9A1E7A4F7556}") = "VPlayer.DarkTheme", "..\..\VPlayer\VPlayer.DarkTheme\VPlayer.DarkTheme.csproj", "{7268CFC6-7720-4473-BA76-B7014FE36EA3}"
EndProject
Project("{9A19103F-16F7-4668-BE54-9A1E7A4F7556}") = "DomainCore", "..\..\CustomLibraries\DomainCore\DomainCore.csproj", "{21B39F82-9F78-4161-AAB3-738A67D81D4A}"
EndProject
Project("{9A19103F-16F7-4668-BE54-9A1E7A4F7556}") = "ChromeDriverScrapper", "..\..\CustomLibraries\Custom\ChromeDriverScrapper\ChromeDriverScrapper.csproj", "{B3D7ADC4-DE6A-421D-97AC-9C7A8B94C284}"
EndProject
Project("{2150E333-8FDC-42A3-9474-1A3956D46DE8}") = "01. Clients", "01. Clients", "{D28230F7-EE0F-4AF1-B9FF-C2B39D1A2108}"
EndProject
Project("{9A19103F-16F7-4668-BE54-9A1E7A4F7556}") = "TradingManager", "TradingManager\TradingManager.csproj", "{47C3839C-5FFD-4D65-8E70-3EF8748CEA14}"
EndProject
Project("{2150E333-8FDC-42A3-9474-1A3956D46DE8}") = "02. Common", "02. Common", "{95120808-4164-4A0C-BDF9-E04D917E253B}"
EndProject
Project("{9A19103F-16F7-4668-BE54-9A1E7A4F7556}") = "TradingCommon", "TradingCommon\TradingCommon.csproj", "{892CEAD1-0F50-44F5-8823-43FF3206C4EF}"
EndProject
Project("{2150E333-8FDC-42A3-9474-1A3956D46DE8}") = "99. Libs", "99. Libs", "{12F25A88-C07C-4DB5-BAC9-FE8641DF841D}"
EndProject
Project("{9A19103F-16F7-4668-BE54-9A1E7A4F7556}") = "VNeuralNetwork", "C:\Users\Roman Pecho\source\repos\MoonLanding_NeuralNetwork\VNeuralNetwork\VNeuralNetwork.csproj", "{7D424A97-7597-45D1-BC68-08ACAFB99D1B}"
EndProject
Project("{9A19103F-16F7-4668-BE54-9A1E7A4F7556}") = "CloudComputing.Client", "CloudComputingClient\CloudComputing.Client.csproj", "{621AA989-0DB4-4A94-A278-E773C9729A3E}"
EndProject
Project("{9A19103F-16F7-4668-BE54-9A1E7A4F7556}") = "CloudComputing.Server", "CouldComputingServer\CloudComputing.Server.csproj", "{1A718A85-10C5-471C-B782-13AA042B49AE}"
EndProject
Project("{2150E333-8FDC-42A3-9474-1A3956D46DE8}") = "Cloud Computing", "Cloud Computing", "{175F6124-D7F2-4F0A-BCC5-4D3485140A23}"
EndProject
Project("{FAE04EC0-301F-11D3-BF4B-00C04F79EFBC}") = "CloudComputing.Domains", "CloudComputing.Domains\CloudComputing.Domains.csproj", "{AA4B9D78-5880-4185-9C35-FCD1A75F687F}"
EndProject
Global
	GlobalSection(SolutionConfigurationPlatforms) = preSolution
		Debug|Any CPU = Debug|Any CPU
		Debug|x64 = Debug|x64
		Debug|x86 = Debug|x86
		Release|Any CPU = Release|Any CPU
		Release|x64 = Release|x64
		Release|x86 = Release|x86
	EndGlobalSection
	GlobalSection(ProjectConfigurationPlatforms) = postSolution
		{13E9BF54-25A3-4E75-97AA-28FF9E2A1F74}.Debug|Any CPU.ActiveCfg = Debug|Any CPU
		{13E9BF54-25A3-4E75-97AA-28FF9E2A1F74}.Debug|Any CPU.Build.0 = Debug|Any CPU
		{13E9BF54-25A3-4E75-97AA-28FF9E2A1F74}.Debug|x64.ActiveCfg = Debug|Any CPU
		{13E9BF54-25A3-4E75-97AA-28FF9E2A1F74}.Debug|x64.Build.0 = Debug|Any CPU
		{13E9BF54-25A3-4E75-97AA-28FF9E2A1F74}.Debug|x86.ActiveCfg = Debug|Any CPU
		{13E9BF54-25A3-4E75-97AA-28FF9E2A1F74}.Debug|x86.Build.0 = Debug|Any CPU
		{13E9BF54-25A3-4E75-97AA-28FF9E2A1F74}.Release|Any CPU.ActiveCfg = Release|Any CPU
		{13E9BF54-25A3-4E75-97AA-28FF9E2A1F74}.Release|Any CPU.Build.0 = Release|Any CPU
		{13E9BF54-25A3-4E75-97AA-28FF9E2A1F74}.Release|x64.ActiveCfg = Release|Any CPU
		{13E9BF54-25A3-4E75-97AA-28FF9E2A1F74}.Release|x64.Build.0 = Release|Any CPU
		{13E9BF54-25A3-4E75-97AA-28FF9E2A1F74}.Release|x86.ActiveCfg = Release|Any CPU
		{13E9BF54-25A3-4E75-97AA-28FF9E2A1F74}.Release|x86.Build.0 = Release|Any CPU
		{FE0521C5-7C97-4933-A3D9-CD76E8CCC606}.Debug|Any CPU.ActiveCfg = Debug|Any CPU
		{FE0521C5-7C97-4933-A3D9-CD76E8CCC606}.Debug|Any CPU.Build.0 = Debug|Any CPU
		{FE0521C5-7C97-4933-A3D9-CD76E8CCC606}.Debug|x64.ActiveCfg = Debug|Any CPU
		{FE0521C5-7C97-4933-A3D9-CD76E8CCC606}.Debug|x64.Build.0 = Debug|Any CPU
		{FE0521C5-7C97-4933-A3D9-CD76E8CCC606}.Debug|x86.ActiveCfg = Debug|x86
		{FE0521C5-7C97-4933-A3D9-CD76E8CCC606}.Debug|x86.Build.0 = Debug|x86
		{FE0521C5-7C97-4933-A3D9-CD76E8CCC606}.Release|Any CPU.ActiveCfg = Release|Any CPU
		{FE0521C5-7C97-4933-A3D9-CD76E8CCC606}.Release|Any CPU.Build.0 = Release|Any CPU
		{FE0521C5-7C97-4933-A3D9-CD76E8CCC606}.Release|x64.ActiveCfg = Release|Any CPU
		{FE0521C5-7C97-4933-A3D9-CD76E8CCC606}.Release|x64.Build.0 = Release|Any CPU
		{FE0521C5-7C97-4933-A3D9-CD76E8CCC606}.Release|x86.ActiveCfg = Release|x86
		{FE0521C5-7C97-4933-A3D9-CD76E8CCC606}.Release|x86.Build.0 = Release|x86
		{DFF011C1-6B03-4F15-8785-B110C6BF4291}.Debug|Any CPU.ActiveCfg = Debug|Any CPU
		{DFF011C1-6B03-4F15-8785-B110C6BF4291}.Debug|Any CPU.Build.0 = Debug|Any CPU
		{DFF011C1-6B03-4F15-8785-B110C6BF4291}.Debug|x64.ActiveCfg = Debug|x64
		{DFF011C1-6B03-4F15-8785-B110C6BF4291}.Debug|x64.Build.0 = Debug|x64
		{DFF011C1-6B03-4F15-8785-B110C6BF4291}.Debug|x86.ActiveCfg = Debug|x86
		{DFF011C1-6B03-4F15-8785-B110C6BF4291}.Debug|x86.Build.0 = Debug|x86
		{DFF011C1-6B03-4F15-8785-B110C6BF4291}.Release|Any CPU.ActiveCfg = Release|Any CPU
		{DFF011C1-6B03-4F15-8785-B110C6BF4291}.Release|Any CPU.Build.0 = Release|Any CPU
		{DFF011C1-6B03-4F15-8785-B110C6BF4291}.Release|x64.ActiveCfg = Release|x64
		{DFF011C1-6B03-4F15-8785-B110C6BF4291}.Release|x64.Build.0 = Release|x64
		{DFF011C1-6B03-4F15-8785-B110C6BF4291}.Release|x86.ActiveCfg = Release|x86
		{DFF011C1-6B03-4F15-8785-B110C6BF4291}.Release|x86.Build.0 = Release|x86
		{42DAE95A-4A7C-43DD-8E9A-7F20C5B27F25}.Debug|Any CPU.ActiveCfg = Debug|Any CPU
		{42DAE95A-4A7C-43DD-8E9A-7F20C5B27F25}.Debug|Any CPU.Build.0 = Debug|Any CPU
		{42DAE95A-4A7C-43DD-8E9A-7F20C5B27F25}.Debug|x64.ActiveCfg = Debug|x64
		{42DAE95A-4A7C-43DD-8E9A-7F20C5B27F25}.Debug|x64.Build.0 = Debug|x64
		{42DAE95A-4A7C-43DD-8E9A-7F20C5B27F25}.Debug|x86.ActiveCfg = Debug|x86
		{42DAE95A-4A7C-43DD-8E9A-7F20C5B27F25}.Debug|x86.Build.0 = Debug|x86
		{42DAE95A-4A7C-43DD-8E9A-7F20C5B27F25}.Release|Any CPU.ActiveCfg = Release|Any CPU
		{42DAE95A-4A7C-43DD-8E9A-7F20C5B27F25}.Release|Any CPU.Build.0 = Release|Any CPU
		{42DAE95A-4A7C-43DD-8E9A-7F20C5B27F25}.Release|x64.ActiveCfg = Release|x64
		{42DAE95A-4A7C-43DD-8E9A-7F20C5B27F25}.Release|x64.Build.0 = Release|x64
		{42DAE95A-4A7C-43DD-8E9A-7F20C5B27F25}.Release|x86.ActiveCfg = Release|x86
		{42DAE95A-4A7C-43DD-8E9A-7F20C5B27F25}.Release|x86.Build.0 = Release|x86
		{7268CFC6-7720-4473-BA76-B7014FE36EA3}.Debug|Any CPU.ActiveCfg = Debug|Any CPU
		{7268CFC6-7720-4473-BA76-B7014FE36EA3}.Debug|Any CPU.Build.0 = Debug|Any CPU
		{7268CFC6-7720-4473-BA76-B7014FE36EA3}.Debug|x64.ActiveCfg = Debug|Any CPU
		{7268CFC6-7720-4473-BA76-B7014FE36EA3}.Debug|x64.Build.0 = Debug|Any CPU
		{7268CFC6-7720-4473-BA76-B7014FE36EA3}.Debug|x86.ActiveCfg = Debug|Any CPU
		{7268CFC6-7720-4473-BA76-B7014FE36EA3}.Debug|x86.Build.0 = Debug|Any CPU
		{7268CFC6-7720-4473-BA76-B7014FE36EA3}.Release|Any CPU.ActiveCfg = Release|Any CPU
		{7268CFC6-7720-4473-BA76-B7014FE36EA3}.Release|Any CPU.Build.0 = Release|Any CPU
		{7268CFC6-7720-4473-BA76-B7014FE36EA3}.Release|x64.ActiveCfg = Release|Any CPU
		{7268CFC6-7720-4473-BA76-B7014FE36EA3}.Release|x64.Build.0 = Release|Any CPU
		{7268CFC6-7720-4473-BA76-B7014FE36EA3}.Release|x86.ActiveCfg = Release|Any CPU
		{7268CFC6-7720-4473-BA76-B7014FE36EA3}.Release|x86.Build.0 = Release|Any CPU
		{21B39F82-9F78-4161-AAB3-738A67D81D4A}.Debug|Any CPU.ActiveCfg = Debug|Any CPU
		{21B39F82-9F78-4161-AAB3-738A67D81D4A}.Debug|Any CPU.Build.0 = Debug|Any CPU
		{21B39F82-9F78-4161-AAB3-738A67D81D4A}.Debug|x64.ActiveCfg = Debug|x64
		{21B39F82-9F78-4161-AAB3-738A67D81D4A}.Debug|x64.Build.0 = Debug|x64
		{21B39F82-9F78-4161-AAB3-738A67D81D4A}.Debug|x86.ActiveCfg = Debug|Any CPU
		{21B39F82-9F78-4161-AAB3-738A67D81D4A}.Debug|x86.Build.0 = Debug|Any CPU
		{21B39F82-9F78-4161-AAB3-738A67D81D4A}.Release|Any CPU.ActiveCfg = Release|Any CPU
		{21B39F82-9F78-4161-AAB3-738A67D81D4A}.Release|Any CPU.Build.0 = Release|Any CPU
		{21B39F82-9F78-4161-AAB3-738A67D81D4A}.Release|x64.ActiveCfg = Release|x64
		{21B39F82-9F78-4161-AAB3-738A67D81D4A}.Release|x64.Build.0 = Release|x64
		{21B39F82-9F78-4161-AAB3-738A67D81D4A}.Release|x86.ActiveCfg = Release|Any CPU
		{21B39F82-9F78-4161-AAB3-738A67D81D4A}.Release|x86.Build.0 = Release|Any CPU
		{B3D7ADC4-DE6A-421D-97AC-9C7A8B94C284}.Debug|Any CPU.ActiveCfg = Debug|x64
		{B3D7ADC4-DE6A-421D-97AC-9C7A8B94C284}.Debug|Any CPU.Build.0 = Debug|x64
		{B3D7ADC4-DE6A-421D-97AC-9C7A8B94C284}.Debug|x64.ActiveCfg = Debug|x64
		{B3D7ADC4-DE6A-421D-97AC-9C7A8B94C284}.Debug|x64.Build.0 = Debug|x64
		{B3D7ADC4-DE6A-421D-97AC-9C7A8B94C284}.Debug|x86.ActiveCfg = Debug|x64
		{B3D7ADC4-DE6A-421D-97AC-9C7A8B94C284}.Release|Any CPU.ActiveCfg = Release|x64
		{B3D7ADC4-DE6A-421D-97AC-9C7A8B94C284}.Release|x64.ActiveCfg = Release|x64
		{B3D7ADC4-DE6A-421D-97AC-9C7A8B94C284}.Release|x64.Build.0 = Release|x64
		{B3D7ADC4-DE6A-421D-97AC-9C7A8B94C284}.Release|x86.ActiveCfg = Release|x64
		{47C3839C-5FFD-4D65-8E70-3EF8748CEA14}.Debug|Any CPU.ActiveCfg = Debug|Any CPU
		{47C3839C-5FFD-4D65-8E70-3EF8748CEA14}.Debug|Any CPU.Build.0 = Debug|Any CPU
		{47C3839C-5FFD-4D65-8E70-3EF8748CEA14}.Debug|x64.ActiveCfg = Debug|Any CPU
		{47C3839C-5FFD-4D65-8E70-3EF8748CEA14}.Debug|x64.Build.0 = Debug|Any CPU
		{47C3839C-5FFD-4D65-8E70-3EF8748CEA14}.Debug|x86.ActiveCfg = Debug|Any CPU
		{47C3839C-5FFD-4D65-8E70-3EF8748CEA14}.Debug|x86.Build.0 = Debug|Any CPU
		{47C3839C-5FFD-4D65-8E70-3EF8748CEA14}.Release|Any CPU.ActiveCfg = Release|Any CPU
		{47C3839C-5FFD-4D65-8E70-3EF8748CEA14}.Release|Any CPU.Build.0 = Release|Any CPU
		{47C3839C-5FFD-4D65-8E70-3EF8748CEA14}.Release|x64.ActiveCfg = Release|Any CPU
		{47C3839C-5FFD-4D65-8E70-3EF8748CEA14}.Release|x64.Build.0 = Release|Any CPU
		{47C3839C-5FFD-4D65-8E70-3EF8748CEA14}.Release|x86.ActiveCfg = Release|Any CPU
		{47C3839C-5FFD-4D65-8E70-3EF8748CEA14}.Release|x86.Build.0 = Release|Any CPU
		{892CEAD1-0F50-44F5-8823-43FF3206C4EF}.Debug|Any CPU.ActiveCfg = Debug|Any CPU
		{892CEAD1-0F50-44F5-8823-43FF3206C4EF}.Debug|Any CPU.Build.0 = Debug|Any CPU
		{892CEAD1-0F50-44F5-8823-43FF3206C4EF}.Debug|x64.ActiveCfg = Debug|Any CPU
		{892CEAD1-0F50-44F5-8823-43FF3206C4EF}.Debug|x64.Build.0 = Debug|Any CPU
		{892CEAD1-0F50-44F5-8823-43FF3206C4EF}.Debug|x86.ActiveCfg = Debug|Any CPU
		{892CEAD1-0F50-44F5-8823-43FF3206C4EF}.Debug|x86.Build.0 = Debug|Any CPU
		{892CEAD1-0F50-44F5-8823-43FF3206C4EF}.Release|Any CPU.ActiveCfg = Release|Any CPU
		{892CEAD1-0F50-44F5-8823-43FF3206C4EF}.Release|Any CPU.Build.0 = Release|Any CPU
		{892CEAD1-0F50-44F5-8823-43FF3206C4EF}.Release|x64.ActiveCfg = Release|Any CPU
		{892CEAD1-0F50-44F5-8823-43FF3206C4EF}.Release|x64.Build.0 = Release|Any CPU
		{892CEAD1-0F50-44F5-8823-43FF3206C4EF}.Release|x86.ActiveCfg = Release|Any CPU
		{892CEAD1-0F50-44F5-8823-43FF3206C4EF}.Release|x86.Build.0 = Release|Any CPU
		{7D424A97-7597-45D1-BC68-08ACAFB99D1B}.Debug|Any CPU.ActiveCfg = Debug|Any CPU
		{7D424A97-7597-45D1-BC68-08ACAFB99D1B}.Debug|Any CPU.Build.0 = Debug|Any CPU
		{7D424A97-7597-45D1-BC68-08ACAFB99D1B}.Debug|x64.ActiveCfg = Debug|Any CPU
		{7D424A97-7597-45D1-BC68-08ACAFB99D1B}.Debug|x64.Build.0 = Debug|Any CPU
		{7D424A97-7597-45D1-BC68-08ACAFB99D1B}.Debug|x86.ActiveCfg = Debug|Any CPU
		{7D424A97-7597-45D1-BC68-08ACAFB99D1B}.Debug|x86.Build.0 = Debug|Any CPU
		{7D424A97-7597-45D1-BC68-08ACAFB99D1B}.Release|Any CPU.ActiveCfg = Release|Any CPU
		{7D424A97-7597-45D1-BC68-08ACAFB99D1B}.Release|Any CPU.Build.0 = Release|Any CPU
		{7D424A97-7597-45D1-BC68-08ACAFB99D1B}.Release|x64.ActiveCfg = Release|Any CPU
		{7D424A97-7597-45D1-BC68-08ACAFB99D1B}.Release|x64.Build.0 = Release|Any CPU
		{7D424A97-7597-45D1-BC68-08ACAFB99D1B}.Release|x86.ActiveCfg = Release|Any CPU
		{7D424A97-7597-45D1-BC68-08ACAFB99D1B}.Release|x86.Build.0 = Release|Any CPU
		{621AA989-0DB4-4A94-A278-E773C9729A3E}.Debug|Any CPU.ActiveCfg = Debug|Any CPU
		{621AA989-0DB4-4A94-A278-E773C9729A3E}.Debug|Any CPU.Build.0 = Debug|Any CPU
		{621AA989-0DB4-4A94-A278-E773C9729A3E}.Debug|x64.ActiveCfg = Debug|Any CPU
		{621AA989-0DB4-4A94-A278-E773C9729A3E}.Debug|x64.Build.0 = Debug|Any CPU
		{621AA989-0DB4-4A94-A278-E773C9729A3E}.Debug|x86.ActiveCfg = Debug|Any CPU
		{621AA989-0DB4-4A94-A278-E773C9729A3E}.Debug|x86.Build.0 = Debug|Any CPU
		{621AA989-0DB4-4A94-A278-E773C9729A3E}.Release|Any CPU.ActiveCfg = Release|Any CPU
		{621AA989-0DB4-4A94-A278-E773C9729A3E}.Release|Any CPU.Build.0 = Release|Any CPU
		{621AA989-0DB4-4A94-A278-E773C9729A3E}.Release|x64.ActiveCfg = Release|Any CPU
		{621AA989-0DB4-4A94-A278-E773C9729A3E}.Release|x64.Build.0 = Release|Any CPU
		{621AA989-0DB4-4A94-A278-E773C9729A3E}.Release|x86.ActiveCfg = Release|Any CPU
		{621AA989-0DB4-4A94-A278-E773C9729A3E}.Release|x86.Build.0 = Release|Any CPU
		{1A718A85-10C5-471C-B782-13AA042B49AE}.Debug|Any CPU.ActiveCfg = Debug|Any CPU
		{1A718A85-10C5-471C-B782-13AA042B49AE}.Debug|Any CPU.Build.0 = Debug|Any CPU
		{1A718A85-10C5-471C-B782-13AA042B49AE}.Debug|x64.ActiveCfg = Debug|Any CPU
		{1A718A85-10C5-471C-B782-13AA042B49AE}.Debug|x64.Build.0 = Debug|Any CPU
		{1A718A85-10C5-471C-B782-13AA042B49AE}.Debug|x86.ActiveCfg = Debug|Any CPU
		{1A718A85-10C5-471C-B782-13AA042B49AE}.Debug|x86.Build.0 = Debug|Any CPU
		{1A718A85-10C5-471C-B782-13AA042B49AE}.Release|Any CPU.ActiveCfg = Release|Any CPU
		{1A718A85-10C5-471C-B782-13AA042B49AE}.Release|Any CPU.Build.0 = Release|Any CPU
		{1A718A85-10C5-471C-B782-13AA042B49AE}.Release|x64.ActiveCfg = Release|Any CPU
		{1A718A85-10C5-471C-B782-13AA042B49AE}.Release|x64.Build.0 = Release|Any CPU
		{1A718A85-10C5-471C-B782-13AA042B49AE}.Release|x86.ActiveCfg = Release|Any CPU
		{1A718A85-10C5-471C-B782-13AA042B49AE}.Release|x86.Build.0 = Release|Any CPU
		{AA4B9D78-5880-4185-9C35-FCD1A75F687F}.Debug|Any CPU.ActiveCfg = Debug|Any CPU
		{AA4B9D78-5880-4185-9C35-FCD1A75F687F}.Debug|Any CPU.Build.0 = Debug|Any CPU
		{AA4B9D78-5880-4185-9C35-FCD1A75F687F}.Debug|x64.ActiveCfg = Debug|Any CPU
		{AA4B9D78-5880-4185-9C35-FCD1A75F687F}.Debug|x64.Build.0 = Debug|Any CPU
		{AA4B9D78-5880-4185-9C35-FCD1A75F687F}.Debug|x86.ActiveCfg = Debug|Any CPU
		{AA4B9D78-5880-4185-9C35-FCD1A75F687F}.Debug|x86.Build.0 = Debug|Any CPU
		{AA4B9D78-5880-4185-9C35-FCD1A75F687F}.Release|Any CPU.ActiveCfg = Release|Any CPU
		{AA4B9D78-5880-4185-9C35-FCD1A75F687F}.Release|Any CPU.Build.0 = Release|Any CPU
		{AA4B9D78-5880-4185-9C35-FCD1A75F687F}.Release|x64.ActiveCfg = Release|Any CPU
		{AA4B9D78-5880-4185-9C35-FCD1A75F687F}.Release|x64.Build.0 = Release|Any CPU
		{AA4B9D78-5880-4185-9C35-FCD1A75F687F}.Release|x86.ActiveCfg = Release|Any CPU
		{AA4B9D78-5880-4185-9C35-FCD1A75F687F}.Release|x86.Build.0 = Release|Any CPU
	EndGlobalSection
	GlobalSection(SolutionProperties) = preSolution
		HideSolutionNode = FALSE
	EndGlobalSection
	GlobalSection(NestedProjects) = preSolution
		{13E9BF54-25A3-4E75-97AA-28FF9E2A1F74} = {D28230F7-EE0F-4AF1-B9FF-C2B39D1A2108}
		{FE0521C5-7C97-4933-A3D9-CD76E8CCC606} = {12F25A88-C07C-4DB5-BAC9-FE8641DF841D}
		{DFF011C1-6B03-4F15-8785-B110C6BF4291} = {12F25A88-C07C-4DB5-BAC9-FE8641DF841D}
		{42DAE95A-4A7C-43DD-8E9A-7F20C5B27F25} = {12F25A88-C07C-4DB5-BAC9-FE8641DF841D}
		{7268CFC6-7720-4473-BA76-B7014FE36EA3} = {12F25A88-C07C-4DB5-BAC9-FE8641DF841D}
		{21B39F82-9F78-4161-AAB3-738A67D81D4A} = {12F25A88-C07C-4DB5-BAC9-FE8641DF841D}
		{B3D7ADC4-DE6A-421D-97AC-9C7A8B94C284} = {12F25A88-C07C-4DB5-BAC9-FE8641DF841D}
		{47C3839C-5FFD-4D65-8E70-3EF8748CEA14} = {D28230F7-EE0F-4AF1-B9FF-C2B39D1A2108}
		{892CEAD1-0F50-44F5-8823-43FF3206C4EF} = {95120808-4164-4A0C-BDF9-E04D917E253B}
		{7D424A97-7597-45D1-BC68-08ACAFB99D1B} = {12F25A88-C07C-4DB5-BAC9-FE8641DF841D}
		{621AA989-0DB4-4A94-A278-E773C9729A3E} = {175F6124-D7F2-4F0A-BCC5-4D3485140A23}
		{1A718A85-10C5-471C-B782-13AA042B49AE} = {175F6124-D7F2-4F0A-BCC5-4D3485140A23}
		{175F6124-D7F2-4F0A-BCC5-4D3485140A23} = {D28230F7-EE0F-4AF1-B9FF-C2B39D1A2108}
		{AA4B9D78-5880-4185-9C35-FCD1A75F687F} = {175F6124-D7F2-4F0A-BCC5-4D3485140A23}
	EndGlobalSection
	GlobalSection(ExtensibilityGlobals) = postSolution
		SolutionGuid = {2317818D-F4CF-42E6-99D1-AC168EF57971}
	EndGlobalSection
EndGlobal
